
Microsoft Visual Studio Solution File, Format Version 12.00
# Visual Studio Version 17
VisualStudioVersion = 17.10.35013.160
MinimumVisualStudioVersion = 10.0.40219.1
Project("{FAE04EC0-301F-11D3-BF4B-00C04F79EFBC}") = "User", "User\User.csproj", "{C813B76E-1B28-4FCF-A0EE-7C3605E5B7D9}"
EndProject
Global
	GlobalSection(SolutionConfigurationPlatforms) = preSolution
		Debug|Any CPU = Debug|Any CPU
		Release|Any CPU = Release|Any CPU
	EndGlobalSection
	GlobalSection(ProjectConfigurationPlatforms) = postSolution
		{C813B76E-1B28-4FCF-A0EE-7C3605E5B7D9}.Debug|Any CPU.ActiveCfg = Debug|Any CPU
		{C813B76E-1B28-4FCF-A0EE-7C3605E5B7D9}.Debug|Any CPU.Build.0 = Debug|Any CPU
		{C813B76E-1B28-4FCF-A0EE-7C3605E5B7D9}.Release|Any CPU.ActiveCfg = Release|Any CPU
		{C813B76E-1B28-4FCF-A0EE-7C3605E5B7D9}.Release|Any CPU.Build.0 = Release|Any CPU
	EndGlobalSection
	GlobalSection(SolutionProperties) = preSolution
		HideSolutionNode = FALSE
	EndGlobalSection
	GlobalSection(ExtensibilityGlobals) = postSolution
		SolutionGuid = {D138FF87-F6A4-472D-9692-64C169F63A06}
	EndGlobalSection
EndGlobal
